
Microsoft Visual Studio Solution File, Format Version 12.00
# Visual Studio Version 16
VisualStudioVersion = 16.0.31402.337
MinimumVisualStudioVersion = 10.0.40219.1
Project("{2150E333-8FDC-42A3-9474-1A3956D46DE8}") = "1.-UserInterface", "1.-UserInterface", "{B4DF4DD5-ED40-48E3-85CE-52102CD2E00E}"
EndProject
Project("{2150E333-8FDC-42A3-9474-1A3956D46DE8}") = "2.-Application", "2.-Application", "{D191FB24-4158-4494-A5BB-2E9A9F6B7471}"
EndProject
Project("{2150E333-8FDC-42A3-9474-1A3956D46DE8}") = "3.-Domain", "3.-Domain", "{A979EFE0-1D88-4132-9DB1-8FF982C2F14C}"
EndProject
Project("{2150E333-8FDC-42A3-9474-1A3956D46DE8}") = "4.-Infrastructure", "4.-Infrastructure", "{004F6978-0D24-468E-8839-DCC17F3E98B8}"
EndProject
Project("{FAE04EC0-301F-11D3-BF4B-00C04F79EFBC}") = "Aplication", "Aplication\Aplication.csproj", "{D3940237-B978-47A6-A6D4-C2ACD52D6E04}"
EndProject
Project("{FAE04EC0-301F-11D3-BF4B-00C04F79EFBC}") = "Aplication.Dt", "Aplication.Dt\Aplication.Dt.csproj", "{67877D27-B91C-48EF-82E4-F42B13E7B648}"
EndProject
Project("{FAE04EC0-301F-11D3-BF4B-00C04F79EFBC}") = "UI.Desktop", "UI.Desktop\UI.Desktop.csproj", "{0894BA94-0E0F-4E35-888A-BFAD578C1395}"
EndProject
Project("{FAE04EC0-301F-11D3-BF4B-00C04F79EFBC}") = "Domain.Model", "Domain.Model\Domain.Model.csproj", "{281E5641-83FD-412F-BDA2-23081E6A4E5B}"
EndProject
Project("{FAE04EC0-301F-11D3-BF4B-00C04F79EFBC}") = "Domain.Services", "Domain.Services\Domain.Services.csproj", "{108C3981-06D4-430D-BF14-71CDCF8DD891}"
EndProject
Project("{FAE04EC0-301F-11D3-BF4B-00C04F79EFBC}") = "Infra.DataAccess", "Infra.DataAccess\Infra.DataAccess.csproj", "{C36F9157-AF81-4DB2-86E1-D8F587E13467}"
EndProject
Project("{FAE04EC0-301F-11D3-BF4B-00C04F79EFBC}") = "infra.EmailService", "infra.EmailService\infra.EmailService.csproj", "{521417E2-1D1E-40DF-9CBB-12472DE88D50}"
EndProject
Project("{2150E333-8FDC-42A3-9474-1A3956D46DE8}") = "Pruebas", "Pruebas", "{E7137468-4FCC-40F2-A2A0-CB23FB743E05}"
EndProject
Project("{2150E333-8FDC-42A3-9474-1A3956D46DE8}") = "Prueba Unitarias", "Prueba Unitarias", "{4B6F0BC7-6A29-4875-B8D5-4AC1CFEDC8A5}"
EndProject
Project("{2150E333-8FDC-42A3-9474-1A3956D46DE8}") = "Pruebas Automatizadas IU", "Pruebas Automatizadas IU", "{EA5613E2-8C36-4F48-BB59-1712D3A783E6}"
EndProject
Project("{FAE04EC0-301F-11D3-BF4B-00C04F79EFBC}") = "CodedUITest_InicioSesion", "CodedUITest_InicioSesion\CodedUITest_InicioSesion.csproj", "{CDD7FF06-B84F-41CE-90F7-216A01B095B1}"
EndProject
Project("{FAE04EC0-301F-11D3-BF4B-00C04F79EFBC}") = "CodedUITest_Gestion_Cliente", "CodedUITest_Gestion_Cliente\CodedUITest_Gestion_Cliente.csproj", "{B92E3C02-60E3-42C8-9C10-52188C9B3B51}"
EndProject
Project("{FAE04EC0-301F-11D3-BF4B-00C04F79EFBC}") = "CodedUITest_Gestion_Empleado", "CodedUITest_Gestion_Empleado\CodedUITest_Gestion_Empleado.csproj", "{B407236E-2108-42F3-96A1-434B734CEBEC}"
EndProject
Project("{FAE04EC0-301F-11D3-BF4B-00C04F79EFBC}") = "CodedUITest_Factura", "CodedUITest_Factura\CodedUITest_Factura.csproj", "{C0198753-07FA-442E-8AA9-05EC020CAC62}"
EndProject
Project("{FAE04EC0-301F-11D3-BF4B-00C04F79EFBC}") = "CodedUITest_Gestion_Pedidos", "CodedUITest_Gestion_Pedidos\CodedUITest_Gestion_Pedidos.csproj", "{9E675031-9769-4FEC-804C-9F1DDC770B49}"
EndProject
Project("{FAE04EC0-301F-11D3-BF4B-00C04F79EFBC}") = "TestProyecto_SIVET", "TestProyecto_SIVET\TestProyecto_SIVET.csproj", "{93EC5C99-5F85-45E3-9B84-D85ACBE878D4}"
EndProject
Global
	GlobalSection(SolutionConfigurationPlatforms) = preSolution
		Debug|Any CPU = Debug|Any CPU
		Release|Any CPU = Release|Any CPU
	EndGlobalSection
	GlobalSection(ProjectConfigurationPlatforms) = postSolution
		{D3940237-B978-47A6-A6D4-C2ACD52D6E04}.Debug|Any CPU.ActiveCfg = Debug|Any CPU
		{D3940237-B978-47A6-A6D4-C2ACD52D6E04}.Debug|Any CPU.Build.0 = Debug|Any CPU
		{D3940237-B978-47A6-A6D4-C2ACD52D6E04}.Release|Any CPU.ActiveCfg = Release|Any CPU
		{D3940237-B978-47A6-A6D4-C2ACD52D6E04}.Release|Any CPU.Build.0 = Release|Any CPU
		{67877D27-B91C-48EF-82E4-F42B13E7B648}.Debug|Any CPU.ActiveCfg = Debug|Any CPU
		{67877D27-B91C-48EF-82E4-F42B13E7B648}.Debug|Any CPU.Build.0 = Debug|Any CPU
		{67877D27-B91C-48EF-82E4-F42B13E7B648}.Release|Any CPU.ActiveCfg = Release|Any CPU
		{67877D27-B91C-48EF-82E4-F42B13E7B648}.Release|Any CPU.Build.0 = Release|Any CPU
		{0894BA94-0E0F-4E35-888A-BFAD578C1395}.Debug|Any CPU.ActiveCfg = Debug|Any CPU
		{0894BA94-0E0F-4E35-888A-BFAD578C1395}.Debug|Any CPU.Build.0 = Debug|Any CPU
		{0894BA94-0E0F-4E35-888A-BFAD578C1395}.Release|Any CPU.ActiveCfg = Release|Any CPU
		{0894BA94-0E0F-4E35-888A-BFAD578C1395}.Release|Any CPU.Build.0 = Release|Any CPU
		{281E5641-83FD-412F-BDA2-23081E6A4E5B}.Debug|Any CPU.ActiveCfg = Debug|Any CPU
		{281E5641-83FD-412F-BDA2-23081E6A4E5B}.Debug|Any CPU.Build.0 = Debug|Any CPU
		{281E5641-83FD-412F-BDA2-23081E6A4E5B}.Release|Any CPU.ActiveCfg = Release|Any CPU
		{281E5641-83FD-412F-BDA2-23081E6A4E5B}.Release|Any CPU.Build.0 = Release|Any CPU
		{108C3981-06D4-430D-BF14-71CDCF8DD891}.Debug|Any CPU.ActiveCfg = Debug|Any CPU
		{108C3981-06D4-430D-BF14-71CDCF8DD891}.Debug|Any CPU.Build.0 = Debug|Any CPU
		{108C3981-06D4-430D-BF14-71CDCF8DD891}.Release|Any CPU.ActiveCfg = Release|Any CPU
		{108C3981-06D4-430D-BF14-71CDCF8DD891}.Release|Any CPU.Build.0 = Release|Any CPU
		{C36F9157-AF81-4DB2-86E1-D8F587E13467}.Debug|Any CPU.ActiveCfg = Debug|Any CPU
		{C36F9157-AF81-4DB2-86E1-D8F587E13467}.Debug|Any CPU.Build.0 = Debug|Any CPU
		{C36F9157-AF81-4DB2-86E1-D8F587E13467}.Release|Any CPU.ActiveCfg = Release|Any CPU
		{C36F9157-AF81-4DB2-86E1-D8F587E13467}.Release|Any CPU.Build.0 = Release|Any CPU
		{521417E2-1D1E-40DF-9CBB-12472DE88D50}.Debug|Any CPU.ActiveCfg = Debug|Any CPU
		{521417E2-1D1E-40DF-9CBB-12472DE88D50}.Debug|Any CPU.Build.0 = Debug|Any CPU
		{521417E2-1D1E-40DF-9CBB-12472DE88D50}.Release|Any CPU.ActiveCfg = Release|Any CPU
		{521417E2-1D1E-40DF-9CBB-12472DE88D50}.Release|Any CPU.Build.0 = Release|Any CPU
		{CDD7FF06-B84F-41CE-90F7-216A01B095B1}.Debug|Any CPU.ActiveCfg = Debug|Any CPU
		{CDD7FF06-B84F-41CE-90F7-216A01B095B1}.Debug|Any CPU.Build.0 = Debug|Any CPU
		{CDD7FF06-B84F-41CE-90F7-216A01B095B1}.Release|Any CPU.ActiveCfg = Release|Any CPU
		{CDD7FF06-B84F-41CE-90F7-216A01B095B1}.Release|Any CPU.Build.0 = Release|Any CPU
		{B92E3C02-60E3-42C8-9C10-52188C9B3B51}.Debug|Any CPU.ActiveCfg = Debug|Any CPU
		{B92E3C02-60E3-42C8-9C10-52188C9B3B51}.Debug|Any CPU.Build.0 = Debug|Any CPU
		{B92E3C02-60E3-42C8-9C10-52188C9B3B51}.Release|Any CPU.ActiveCfg = Release|Any CPU
		{B92E3C02-60E3-42C8-9C10-52188C9B3B51}.Release|Any CPU.Build.0 = Release|Any CPU
		{B407236E-2108-42F3-96A1-434B734CEBEC}.Debug|Any CPU.ActiveCfg = Debug|Any CPU
		{B407236E-2108-42F3-96A1-434B734CEBEC}.Debug|Any CPU.Build.0 = Debug|Any CPU
		{B407236E-2108-42F3-96A1-434B734CEBEC}.Release|Any CPU.ActiveCfg = Release|Any CPU
		{B407236E-2108-42F3-96A1-434B734CEBEC}.Release|Any CPU.Build.0 = Release|Any CPU
		{C0198753-07FA-442E-8AA9-05EC020CAC62}.Debug|Any CPU.ActiveCfg = Debug|Any CPU
		{C0198753-07FA-442E-8AA9-05EC020CAC62}.Debug|Any CPU.Build.0 = Debug|Any CPU
		{C0198753-07FA-442E-8AA9-05EC020CAC62}.Release|Any CPU.ActiveCfg = Release|Any CPU
		{C0198753-07FA-442E-8AA9-05EC020CAC62}.Release|Any CPU.Build.0 = Release|Any CPU
		{9E675031-9769-4FEC-804C-9F1DDC770B49}.Debug|Any CPU.ActiveCfg = Debug|Any CPU
		{9E675031-9769-4FEC-804C-9F1DDC770B49}.Debug|Any CPU.Build.0 = Debug|Any CPU
		{9E675031-9769-4FEC-804C-9F1DDC770B49}.Release|Any CPU.ActiveCfg = Release|Any CPU
		{9E675031-9769-4FEC-804C-9F1DDC770B49}.Release|Any CPU.Build.0 = Release|Any CPU
		{93EC5C99-5F85-45E3-9B84-D85ACBE878D4}.Debug|Any CPU.ActiveCfg = Debug|Any CPU
		{93EC5C99-5F85-45E3-9B84-D85ACBE878D4}.Debug|Any CPU.Build.0 = Debug|Any CPU
		{93EC5C99-5F85-45E3-9B84-D85ACBE878D4}.Release|Any CPU.ActiveCfg = Release|Any CPU
		{93EC5C99-5F85-45E3-9B84-D85ACBE878D4}.Release|Any CPU.Build.0 = Release|Any CPU
	EndGlobalSection
	GlobalSection(SolutionProperties) = preSolution
		HideSolutionNode = FALSE
	EndGlobalSection
	GlobalSection(NestedProjects) = preSolution
		{D3940237-B978-47A6-A6D4-C2ACD52D6E04} = {D191FB24-4158-4494-A5BB-2E9A9F6B7471}
		{67877D27-B91C-48EF-82E4-F42B13E7B648} = {D191FB24-4158-4494-A5BB-2E9A9F6B7471}
		{0894BA94-0E0F-4E35-888A-BFAD578C1395} = {B4DF4DD5-ED40-48E3-85CE-52102CD2E00E}
		{281E5641-83FD-412F-BDA2-23081E6A4E5B} = {A979EFE0-1D88-4132-9DB1-8FF982C2F14C}
		{108C3981-06D4-430D-BF14-71CDCF8DD891} = {A979EFE0-1D88-4132-9DB1-8FF982C2F14C}
		{C36F9157-AF81-4DB2-86E1-D8F587E13467} = {004F6978-0D24-468E-8839-DCC17F3E98B8}
		{521417E2-1D1E-40DF-9CBB-12472DE88D50} = {004F6978-0D24-468E-8839-DCC17F3E98B8}
		{4B6F0BC7-6A29-4875-B8D5-4AC1CFEDC8A5} = {E7137468-4FCC-40F2-A2A0-CB23FB743E05}
		{EA5613E2-8C36-4F48-BB59-1712D3A783E6} = {E7137468-4FCC-40F2-A2A0-CB23FB743E05}
		{CDD7FF06-B84F-41CE-90F7-216A01B095B1} = {EA5613E2-8C36-4F48-BB59-1712D3A783E6}
		{B92E3C02-60E3-42C8-9C10-52188C9B3B51} = {EA5613E2-8C36-4F48-BB59-1712D3A783E6}
		{B407236E-2108-42F3-96A1-434B734CEBEC} = {EA5613E2-8C36-4F48-BB59-1712D3A783E6}
		{C0198753-07FA-442E-8AA9-05EC020CAC62} = {EA5613E2-8C36-4F48-BB59-1712D3A783E6}
		{9E675031-9769-4FEC-804C-9F1DDC770B49} = {EA5613E2-8C36-4F48-BB59-1712D3A783E6}
		{93EC5C99-5F85-45E3-9B84-D85ACBE878D4} = {4B6F0BC7-6A29-4875-B8D5-4AC1CFEDC8A5}
	EndGlobalSection
	GlobalSection(ExtensibilityGlobals) = postSolution
		SolutionGuid = {AAB0B064-ACA2-4962-ACE4-0EEBF0F7C74B}
	EndGlobalSection
EndGlobal
